
Microsoft Visual Studio Solution File, Format Version 12.00
# Visual Studio Version 17
VisualStudioVersion = 17.8.34112.27
MinimumVisualStudioVersion = 10.0.40219.1
Project("{9A19103F-16F7-4668-BE54-9A1E7A4F7556}") = "GameChanger.RenderModes", "GameChanger.RenderModes\GameChanger.RenderModes.csproj", "{9F86E7BB-0A83-44C5-8DF5-511FC0B2EC98}"
EndProject
Project("{9A19103F-16F7-4668-BE54-9A1E7A4F7556}") = "GameChanger.RenderModes.Client", "GameChanger.RenderModes.Client\GameChanger.RenderModes.Client.csproj", "{391ABEF9-2EB3-47F5-B80F-8B7557A4FE8B}"
EndProject
Project("{9A19103F-16F7-4668-BE54-9A1E7A4F7556}") = "GameChanger.RenderModes.Shared", "GameChanger.RenderModes.Shared\GameChanger.RenderModes.Shared.csproj", "{EF483901-9652-4B40-A880-09A67E791E17}"
EndProject
Global
	GlobalSection(SolutionConfigurationPlatforms) = preSolution
		Debug|Any CPU = Debug|Any CPU
		Release|Any CPU = Release|Any CPU
	EndGlobalSection
	GlobalSection(ProjectConfigurationPlatforms) = postSolution
		{9F86E7BB-0A83-44C5-8DF5-511FC0B2EC98}.Debug|Any CPU.ActiveCfg = Debug|Any CPU
		{9F86E7BB-0A83-44C5-8DF5-511FC0B2EC98}.Debug|Any CPU.Build.0 = Debug|Any CPU
		{9F86E7BB-0A83-44C5-8DF5-511FC0B2EC98}.Release|Any CPU.ActiveCfg = Release|Any CPU
		{9F86E7BB-0A83-44C5-8DF5-511FC0B2EC98}.Release|Any CPU.Build.0 = Release|Any CPU
		{391ABEF9-2EB3-47F5-B80F-8B7557A4FE8B}.Debug|Any CPU.ActiveCfg = Debug|Any CPU
		{391ABEF9-2EB3-47F5-B80F-8B7557A4FE8B}.Debug|Any CPU.Build.0 = Debug|Any CPU
		{391ABEF9-2EB3-47F5-B80F-8B7557A4FE8B}.Release|Any CPU.ActiveCfg = Release|Any CPU
		{391ABEF9-2EB3-47F5-B80F-8B7557A4FE8B}.Release|Any CPU.Build.0 = Release|Any CPU
		{EF483901-9652-4B40-A880-09A67E791E17}.Debug|Any CPU.ActiveCfg = Debug|Any CPU
		{EF483901-9652-4B40-A880-09A67E791E17}.Debug|Any CPU.Build.0 = Debug|Any CPU
		{EF483901-9652-4B40-A880-09A67E791E17}.Release|Any CPU.ActiveCfg = Release|Any CPU
		{EF483901-9652-4B40-A880-09A67E791E17}.Release|Any CPU.Build.0 = Release|Any CPU
	EndGlobalSection
	GlobalSection(SolutionProperties) = preSolution
		HideSolutionNode = FALSE
	EndGlobalSection
	GlobalSection(ExtensibilityGlobals) = postSolution
		SolutionGuid = {4457CABB-1CD7-4BED-9F10-D8ECEA09786A}
	EndGlobalSection
EndGlobal
