
Microsoft Visual Studio Solution File, Format Version 12.00
# Visual Studio Version 17
VisualStudioVersion = 17.5.002.0
MinimumVisualStudioVersion = 10.0.40219.1
Project("{9A19103F-16F7-4668-BE54-9A1E7A4F7556}") = "GameChanger.RenderModes", "GameChanger.RenderModes.csproj", "{108B89A3-4604-4241-B9BF-2559798686B4}"
EndProject
Project("{9A19103F-16F7-4668-BE54-9A1E7A4F7556}") = "GameChanger.RenderModes.Client", "..\GameChanger.RenderModes.Client\GameChanger.RenderModes.Client.csproj", "{6CD09C06-B972-46CC-99F8-2406BF338E06}"
EndProject
Project("{9A19103F-16F7-4668-BE54-9A1E7A4F7556}") = "GameChanger.RenderModes.Shared", "..\GameChanger.RenderModes.Shared\GameChanger.RenderModes.Shared.csproj", "{C39F5567-4D54-48A0-8567-D250DFB856D5}"
EndProject
Global
	GlobalSection(SolutionConfigurationPlatforms) = preSolution
		Debug|Any CPU = Debug|Any CPU
		Release|Any CPU = Release|Any CPU
	EndGlobalSection
	GlobalSection(ProjectConfigurationPlatforms) = postSolution
		{108B89A3-4604-4241-B9BF-2559798686B4}.Debug|Any CPU.ActiveCfg = Debug|Any CPU
		{108B89A3-4604-4241-B9BF-2559798686B4}.Debug|Any CPU.Build.0 = Debug|Any CPU
		{108B89A3-4604-4241-B9BF-2559798686B4}.Release|Any CPU.ActiveCfg = Release|Any CPU
		{108B89A3-4604-4241-B9BF-2559798686B4}.Release|Any CPU.Build.0 = Release|Any CPU
		{6CD09C06-B972-46CC-99F8-2406BF338E06}.Debug|Any CPU.ActiveCfg = Debug|Any CPU
		{6CD09C06-B972-46CC-99F8-2406BF338E06}.Debug|Any CPU.Build.0 = Debug|Any CPU
		{6CD09C06-B972-46CC-99F8-2406BF338E06}.Release|Any CPU.ActiveCfg = Release|Any CPU
		{6CD09C06-B972-46CC-99F8-2406BF338E06}.Release|Any CPU.Build.0 = Release|Any CPU
		{C39F5567-4D54-48A0-8567-D250DFB856D5}.Debug|Any CPU.ActiveCfg = Debug|Any CPU
		{C39F5567-4D54-48A0-8567-D250DFB856D5}.Debug|Any CPU.Build.0 = Debug|Any CPU
		{C39F5567-4D54-48A0-8567-D250DFB856D5}.Release|Any CPU.ActiveCfg = Release|Any CPU
		{C39F5567-4D54-48A0-8567-D250DFB856D5}.Release|Any CPU.Build.0 = Release|Any CPU
	EndGlobalSection
	GlobalSection(SolutionProperties) = preSolution
		HideSolutionNode = FALSE
	EndGlobalSection
	GlobalSection(ExtensibilityGlobals) = postSolution
		SolutionGuid = {E02E285B-67BD-42E4-842B-382DBB116459}
	EndGlobalSection
EndGlobal
